
Microsoft Visual Studio Solution File, Format Version 9.00
# Visual Studio 2005
Project("{FAE04EC0-301F-11D3-BF4B-00C04F79EFBC}") = "Bounce", "Bounce.csproj", "{CD7B80E8-9B1B-4E5E-B140-3749A11CD8E5}"
EndProject
Project("{FAE04EC0-301F-11D3-BF4B-00C04F79EFBC}") = "GameEngineCh4", "..\GameEngineCh4\GameEngineCh4.csproj", "{6CFFFF4A-D156-4EED-ABBC-DA26D1EA697A}"
EndProject
Global
	GlobalSection(SolutionConfigurationPlatforms) = preSolution
		Debug|Any CPU = Debug|Any CPU
		Release|Any CPU = Release|Any CPU
	EndGlobalSection
	GlobalSection(ProjectConfigurationPlatforms) = postSolution
		{CD7B80E8-9B1B-4E5E-B140-3749A11CD8E5}.Debug|Any CPU.ActiveCfg = Debug|Any CPU
		{CD7B80E8-9B1B-4E5E-B140-3749A11CD8E5}.Debug|Any CPU.Build.0 = Debug|Any CPU
		{CD7B80E8-9B1B-4E5E-B140-3749A11CD8E5}.Debug|Any CPU.Deploy.0 = Debug|Any CPU
		{CD7B80E8-9B1B-4E5E-B140-3749A11CD8E5}.Release|Any CPU.ActiveCfg = Release|Any CPU
		{CD7B80E8-9B1B-4E5E-B140-3749A11CD8E5}.Release|Any CPU.Build.0 = Release|Any CPU
		{CD7B80E8-9B1B-4E5E-B140-3749A11CD8E5}.Release|Any CPU.Deploy.0 = Release|Any CPU
		{6CFFFF4A-D156-4EED-ABBC-DA26D1EA697A}.Debug|Any CPU.ActiveCfg = Debug|Any CPU
		{6CFFFF4A-D156-4EED-ABBC-DA26D1EA697A}.Debug|Any CPU.Build.0 = Debug|Any CPU
		{6CFFFF4A-D156-4EED-ABBC-DA26D1EA697A}.Release|Any CPU.ActiveCfg = Release|Any CPU
		{6CFFFF4A-D156-4EED-ABBC-DA26D1EA697A}.Release|Any CPU.Build.0 = Release|Any CPU
	EndGlobalSection
	GlobalSection(SolutionProperties) = preSolution
		HideSolutionNode = FALSE
	EndGlobalSection
EndGlobal
