
Microsoft Visual Studio Solution File, Format Version 10.00
# Visual Studio 2008
Project("{FAE04EC0-301F-11D3-BF4B-00C04F79EFBC}") = "DepthBuffer", "DepthBuffer.csproj", "{4CF9BA81-85AF-4C2B-A0A0-5CA2D9F52AD6}"
EndProject
Project("{FAE04EC0-301F-11D3-BF4B-00C04F79EFBC}") = "GameEngineCh12", "..\GameEngineCh12\GameEngineCh12.csproj", "{6CFFFF4A-D156-4EED-ABBC-DA26D1EA697A}"
EndProject
Project("{FAE04EC0-301F-11D3-BF4B-00C04F79EFBC}") = "OpenGLES", "..\OpenGLES\OpenGLES.csproj", "{EF70FB24-4CF9-4C2D-87AB-418FD0F75A5C}"
EndProject
Global
	GlobalSection(SolutionConfigurationPlatforms) = preSolution
		Debug|Any CPU = Debug|Any CPU
		Release|Any CPU = Release|Any CPU
	EndGlobalSection
	GlobalSection(ProjectConfigurationPlatforms) = postSolution
		{4CF9BA81-85AF-4C2B-A0A0-5CA2D9F52AD6}.Debug|Any CPU.ActiveCfg = Debug|Any CPU
		{4CF9BA81-85AF-4C2B-A0A0-5CA2D9F52AD6}.Debug|Any CPU.Build.0 = Debug|Any CPU
		{4CF9BA81-85AF-4C2B-A0A0-5CA2D9F52AD6}.Debug|Any CPU.Deploy.0 = Debug|Any CPU
		{4CF9BA81-85AF-4C2B-A0A0-5CA2D9F52AD6}.Release|Any CPU.ActiveCfg = Release|Any CPU
		{4CF9BA81-85AF-4C2B-A0A0-5CA2D9F52AD6}.Release|Any CPU.Build.0 = Release|Any CPU
		{4CF9BA81-85AF-4C2B-A0A0-5CA2D9F52AD6}.Release|Any CPU.Deploy.0 = Release|Any CPU
		{6CFFFF4A-D156-4EED-ABBC-DA26D1EA697A}.Debug|Any CPU.ActiveCfg = Debug|Any CPU
		{6CFFFF4A-D156-4EED-ABBC-DA26D1EA697A}.Debug|Any CPU.Build.0 = Debug|Any CPU
		{6CFFFF4A-D156-4EED-ABBC-DA26D1EA697A}.Release|Any CPU.ActiveCfg = Release|Any CPU
		{6CFFFF4A-D156-4EED-ABBC-DA26D1EA697A}.Release|Any CPU.Build.0 = Release|Any CPU
		{EF70FB24-4CF9-4C2D-87AB-418FD0F75A5C}.Debug|Any CPU.ActiveCfg = Debug|Any CPU
		{EF70FB24-4CF9-4C2D-87AB-418FD0F75A5C}.Debug|Any CPU.Build.0 = Debug|Any CPU
		{EF70FB24-4CF9-4C2D-87AB-418FD0F75A5C}.Release|Any CPU.ActiveCfg = Release|Any CPU
		{EF70FB24-4CF9-4C2D-87AB-418FD0F75A5C}.Release|Any CPU.Build.0 = Release|Any CPU
	EndGlobalSection
	GlobalSection(SolutionProperties) = preSolution
		HideSolutionNode = FALSE
	EndGlobalSection
EndGlobal
